
Microsoft Visual Studio Solution File, Format Version 12.00
Project("{FAE04EC0-301F-11D3-BF4B-00C04F79EFBC}") = "Minecraft1_8_9Port", "Minecraft1_8_9Port.csproj", "{C1D8A792-9769-4A16-968C-85090851203E}"
EndProject
Global
	GlobalSection(SolutionConfigurationPlatforms) = preSolution
		Debug|Any CPU = Debug|Any CPU
		Release|Any CPU = Release|Any CPU
	EndGlobalSection
	GlobalSection(ProjectConfigurationPlatforms) = postSolution
		{C1D8A792-9769-4A16-968C-85090851203E}.Debug|Any CPU.ActiveCfg = Debug|Any CPU
		{C1D8A792-9769-4A16-968C-85090851203E}.Debug|Any CPU.Build.0 = Debug|Any CPU
		{C1D8A792-9769-4A16-968C-85090851203E}.Release|Any CPU.ActiveCfg = Release|Any CPU
		{C1D8A792-9769-4A16-968C-85090851203E}.Release|Any CPU.Build.0 = Release|Any CPU
	EndGlobalSection
EndGlobal
